# Generated by pub
# See https://dart.dev/tools/pub/glossary#lockfile
packages:
  _fe_analyzer_shared:
    dependency: transitive
    description:
      name: _fe_analyzer_shared
      sha256: "5b7468c326d2f8a4f630056404ca0d291ade42918f4a3c6233618e724f39da8e"
      url: "https://pub.dev"
    source: hosted
    version: "92.0.0"
  _flutterfire_internals:
    dependency: transitive
    description:
      name: _flutterfire_internals
      sha256: "8a1f5f3020ef2a74fb93f7ab3ef127a8feea33a7a2276279113660784ee7516a"
      url: "https://pub.dev"
    source: hosted
    version: "1.3.64"
  analyzer:
    dependency: "direct main"
    description:
      name: analyzer
      sha256: "70e4b1ef8003c64793a9e268a551a82869a8a96f39deb73dea28084b0e8bf75e"
      url: "https://pub.dev"
    source: hosted
    version: "9.0.0"
  animate_do:
    dependency: "direct main"
    description:
      name: animate_do
      sha256: e5c8b92e8495cba5adfff17c0b017d50f46b2766226e9faaf68bc08c91aef034
      url: "https://pub.dev"
    source: hosted
    version: "4.2.0"
  app_badge_plus:
    dependency: transitive
    description:
      name: app_badge_plus
      sha256: fba1040478dad5fb02bdec9cca3d1aa3d7f7077da79875dbf9e3457794d041bc
      url: "https://pub.dev"
    source: hosted
    version: "1.2.5"
  archive:
    dependency: transitive
    description:
      name: archive
      sha256: "2fde1607386ab523f7a36bb3e7edb43bd58e6edaf2ffb29d8a6d578b297fdbbd"
      url: "https://pub.dev"
    source: hosted
    version: "4.0.7"
  args:
    dependency: transitive
    description:
      name: args
      sha256: d0481093c50b1da8910eb0bb301626d4d8eb7284aa739614d2b394ee09e3ea04
      url: "https://pub.dev"
    source: hosted
    version: "2.7.0"
  asn1lib:
    dependency: transitive
    description:
      name: asn1lib
      sha256: "9a8f69025044eb466b9b60ef3bc3ac99b4dc6c158ae9c56d25eeccf5bc56d024"
      url: "https://pub.dev"
    source: hosted
    version: "1.6.5"
  async:
    dependency: transitive
    description:
      name: async
      sha256: "758e6d74e971c3e5aceb4110bfd6698efc7f501675bcfe0c775459a8140750eb"
      url: "https://pub.dev"
    source: hosted
    version: "2.13.0"
  auto_size_text:
    dependency: "direct main"
    description:
      name: auto_size_text
      sha256: "3f5261cd3fb5f2a9ab4e2fc3fba84fd9fcaac8821f20a1d4e71f557521b22599"
      url: "https://pub.dev"
    source: hosted
    version: "3.0.0"
  base58check:
    dependency: transitive
    description:
      name: base58check
      sha256: "6c300dfc33e598d2fe26319e13f6243fea81eaf8204cb4c6b69ef20a625319a5"
      url: "https://pub.dev"
    source: hosted
    version: "2.0.0"
  bech32:
    dependency: transitive
    description:
      name: bech32
      sha256: "156cbace936f7720c79a79d16a03efad343b1ef17106716e04b8b8e39f99f7f7"
      url: "https://pub.dev"
    source: hosted
    version: "0.2.2"
  boolean_selector:
    dependency: transitive
    description:
      name: boolean_selector
      sha256: "8aab1771e1243a5063b8b0ff68042d67334e3feab9e95b9490f9a6ebf73b42ea"
      url: "https://pub.dev"
    source: hosted
    version: "2.1.2"
  bubble_tab_indicator:
    dependency: "direct main"
    description:
      name: bubble_tab_indicator
      sha256: "0aa37980a00e3374d917f9da8e83acd7f59ba872a3d05c306220063f28f945aa"
      url: "https://pub.dev"
    source: hosted
    version: "0.1.6"
  cached_network_image:
    dependency: "direct main"
    description:
      name: cached_network_image
      sha256: "7c1183e361e5c8b0a0f21a28401eecdbde252441106a9816400dd4c2b2424916"
      url: "https://pub.dev"
    source: hosted
    version: "3.4.1"
  cached_network_image_platform_interface:
    dependency: transitive
    description:
      name: cached_network_image_platform_interface
      sha256: "35814b016e37fbdc91f7ae18c8caf49ba5c88501813f73ce8a07027a395e2829"
      url: "https://pub.dev"
    source: hosted
    version: "4.1.1"
  cached_network_image_web:
    dependency: transitive
    description:
      name: cached_network_image_web
      sha256: "980842f4e8e2535b8dbd3d5ca0b1f0ba66bf61d14cc3a17a9b4788a3685ba062"
      url: "https://pub.dev"
    source: hosted
    version: "1.3.1"
  characters:
    dependency: transitive
    description:
      name: characters
      sha256: f71061c654a3380576a52b451dd5532377954cf9dbd272a78fc8479606670803
      url: "https://pub.dev"
    source: hosted
    version: "1.4.0"
  checked_yaml:
    dependency: transitive
    description:
      name: checked_yaml
      sha256: "959525d3162f249993882720d52b7e0c833978df229be20702b33d48d91de70f"
      url: "https://pub.dev"
    source: hosted
    version: "2.0.4"
  cli_util:
    dependency: transitive
    description:
      name: cli_util
      sha256: ff6785f7e9e3c38ac98b2fb035701789de90154024a75b6cb926445e83197d1c
      url: "https://pub.dev"
    source: hosted
    version: "0.4.2"
  clock:
    dependency: transitive
    description:
      name: clock
      sha256: fddb70d9b5277016c77a80201021d40a2247104d9f4aa7bab7157b7e3f05b84b
      url: "https://pub.dev"
    source: hosted
    version: "1.1.2"
  collection:
    dependency: "direct main"
    description:
      name: collection
      sha256: "2f5709ae4d3d59dd8f7cd309b4e023046b57d8a6c82130785d2b0e5868084e76"
      url: "https://pub.dev"
    source: hosted
    version: "1.19.1"
  convert:
    dependency: transitive
    description:
      name: convert
      sha256: b30acd5944035672bc15c6b7a8b47d773e41e2f17de064350988c5d02adb1c68
      url: "https://pub.dev"
    source: hosted
    version: "3.1.2"
  crypto:
    dependency: transitive
    description:
      name: crypto
      sha256: c8ea0233063ba03258fbcf2ca4d6dadfefe14f02fab57702265467a19f27fadf
      url: "https://pub.dev"
    source: hosted
    version: "3.0.7"
  csslib:
    dependency: transitive
    description:
      name: csslib
      sha256: "09bad715f418841f976c77db72d5398dc1253c21fb9c0c7f0b0b985860b2d58e"
      url: "https://pub.dev"
    source: hosted
    version: "1.0.2"
  cupertino_icons:
    dependency: "direct main"
    description:
      name: cupertino_icons
      sha256: ba631d1c7f7bef6b729a622b7b752645a2d076dba9976925b8f25725a30e1ee6
      url: "https://pub.dev"
    source: hosted
    version: "1.0.8"
  date_field:
    dependency: transitive
    description:
      name: date_field
      sha256: "5714b1ac0ba1c860877b3040601a6fd20cb846042c9ae6d8216ffede422d43d1"
      url: "https://pub.dev"
    source: hosted
    version: "6.0.3+1"
  dbus:
    dependency: transitive
    description:
      name: dbus
      sha256: "79e0c23480ff85dc68de79e2cd6334add97e48f7f4865d17686dd6ea81a47e8c"
      url: "https://pub.dev"
    source: hosted
    version: "0.7.11"
  device_info_plus:
    dependency: transitive
    description:
      name: device_info_plus
      sha256: "4df8babf73058181227e18b08e6ea3520cf5fc5d796888d33b7cb0f33f984b7c"
      url: "https://pub.dev"
    source: hosted
    version: "12.3.0"
  device_info_plus_platform_interface:
    dependency: transitive
    description:
      name: device_info_plus_platform_interface
      sha256: e1ea89119e34903dca74b883d0dd78eb762814f97fb6c76f35e9ff74d261a18f
      url: "https://pub.dev"
    source: hosted
    version: "7.0.3"
  device_meta:
    dependency: transitive
    description:
      name: device_meta
      sha256: "9dd886a8896138e8910ebc090062826c2ff305df120e39bfd361f9114ff81711"
      url: "https://pub.dev"
    source: hosted
    version: "2.1.10"
  dio:
    dependency: transitive
    description:
      name: dio
      sha256: d90ee57923d1828ac14e492ca49440f65477f4bb1263575900be731a3dac66a9
      url: "https://pub.dev"
    source: hosted
    version: "5.9.0"
  dio_web_adapter:
    dependency: transitive
    description:
      name: dio_web_adapter
      sha256: "7586e476d70caecaf1686d21eee7247ea43ef5c345eab9e0cc3583ff13378d78"
      url: "https://pub.dev"
    source: hosted
    version: "2.1.1"
  encrypt:
    dependency: transitive
    description:
      name: encrypt
      sha256: "62d9aa4670cc2a8798bab89b39fc71b6dfbacf615de6cf5001fb39f7e4a996a2"
      url: "https://pub.dev"
    source: hosted
    version: "5.0.3"
  equatable:
    dependency: transitive
    description:
      name: equatable
      sha256: "567c64b3cb4cf82397aac55f4f0cbd3ca20d77c6c03bedbc4ceaddc08904aef7"
      url: "https://pub.dev"
    source: hosted
    version: "2.0.7"
  error_stack:
    dependency: transitive
    description:
      name: error_stack
      sha256: "13698ed935913fb896d7917273c3811b37d7cb4f55483f88d1f22424bc55ed09"
      url: "https://pub.dev"
    source: hosted
    version: "1.10.4"
  fake_async:
    dependency: transitive
    description:
      name: fake_async
      sha256: "5368f224a74523e8d2e7399ea1638b37aecfca824a3cc4dfdf77bf1fa905ac44"
      url: "https://pub.dev"
    source: hosted
    version: "1.3.3"
  ffi:
    dependency: transitive
    description:
      name: ffi
      sha256: "289279317b4b16eb2bb7e271abccd4bf84ec9bdcbe999e278a94b804f5630418"
      url: "https://pub.dev"
    source: hosted
    version: "2.1.4"
  file:
    dependency: transitive
    description:
      name: file
      sha256: a3b4f84adafef897088c160faf7dfffb7696046cb13ae90b508c2cbc95d3b8d4
      url: "https://pub.dev"
    source: hosted
    version: "7.0.1"
  firebase_core:
    dependency: "direct main"
    description:
      name: firebase_core
      sha256: "1f2dfd9f535d81f8b06d7a50ecda6eac1e6922191ed42e09ca2c84bd2288927c"
      url: "https://pub.dev"
    source: hosted
    version: "4.2.1"
  firebase_core_platform_interface:
    dependency: transitive
    description:
      name: firebase_core_platform_interface
      sha256: cccb4f572325dc14904c02fcc7db6323ad62ba02536833dddb5c02cac7341c64
      url: "https://pub.dev"
    source: hosted
    version: "6.0.2"
  firebase_core_web:
    dependency: transitive
    description:
      name: firebase_core_web
      sha256: ff18fabb0ad0ed3595d2f2c85007ecc794aadecdff5b3bb1460b7ee47cded398
      url: "https://pub.dev"
    source: hosted
    version: "3.3.0"
  firebase_messaging:
    dependency: "direct main"
    description:
      name: firebase_messaging
      sha256: "22086f857d2340f5d973776cfd542d3fb30cf98e1c643c3aa4a7520bb12745bb"
      url: "https://pub.dev"
    source: hosted
    version: "16.0.4"
  firebase_messaging_platform_interface:
    dependency: transitive
    description:
      name: firebase_messaging_platform_interface
      sha256: a59920cbf2eb7c83d34a5f354331210ffec116b216dc72d864d8b8eb983ca398
      url: "https://pub.dev"
    source: hosted
    version: "4.7.4"
  firebase_messaging_web:
    dependency: transitive
    description:
      name: firebase_messaging_web
      sha256: "1183e40e6fd2a279a628951cc3b639fcf5ffe7589902632db645011eb70ebefb"
      url: "https://pub.dev"
    source: hosted
    version: "4.1.0"
  fixnum:
    dependency: transitive
    description:
      name: fixnum
      sha256: b6dc7065e46c974bc7c5f143080a6764ec7a4be6da1285ececdc37be96de53be
      url: "https://pub.dev"
    source: hosted
    version: "1.1.1"
  flutter:
    dependency: "direct main"
    description: flutter
    source: sdk
    version: "0.0.0"
  flutter_cache_manager:
    dependency: transitive
    description:
      name: flutter_cache_manager
      sha256: "400b6592f16a4409a7f2bb929a9a7e38c72cceb8ffb99ee57bbf2cb2cecf8386"
      url: "https://pub.dev"
    source: hosted
    version: "3.4.1"
  flutter_dotenv:
    dependency: transitive
    description:
      name: flutter_dotenv
      sha256: d4130c4a43e0b13fefc593bc3961f2cb46e30cb79e253d4a526b1b5d24ae1ce4
      url: "https://pub.dev"
    source: hosted
    version: "6.0.0"
  flutter_inappwebview:
    dependency: "direct main"
    description:
      name: flutter_inappwebview
      sha256: "80092d13d3e29b6227e25b67973c67c7210bd5e35c4b747ca908e31eb71a46d5"
      url: "https://pub.dev"
    source: hosted
    version: "6.1.5"
  flutter_inappwebview_android:
    dependency: transitive
    description:
      name: flutter_inappwebview_android
      sha256: "62557c15a5c2db5d195cb3892aab74fcaec266d7b86d59a6f0027abd672cddba"
      url: "https://pub.dev"
    source: hosted
    version: "1.1.3"
  flutter_inappwebview_internal_annotations:
    dependency: transitive
    description:
      name: flutter_inappwebview_internal_annotations
      sha256: "787171d43f8af67864740b6f04166c13190aa74a1468a1f1f1e9ee5b90c359cd"
      url: "https://pub.dev"
    source: hosted
    version: "1.2.0"
  flutter_inappwebview_ios:
    dependency: transitive
    description:
      name: flutter_inappwebview_ios
      sha256: "5818cf9b26cf0cbb0f62ff50772217d41ea8d3d9cc00279c45f8aabaa1b4025d"
      url: "https://pub.dev"
    source: hosted
    version: "1.1.2"
  flutter_inappwebview_macos:
    dependency: transitive
    description:
      name: flutter_inappwebview_macos
      sha256: c1fbb86af1a3738e3541364d7d1866315ffb0468a1a77e34198c9be571287da1
      url: "https://pub.dev"
    source: hosted
    version: "1.1.2"
  flutter_inappwebview_platform_interface:
    dependency: transitive
    description:
      name: flutter_inappwebview_platform_interface
      sha256: cf5323e194096b6ede7a1ca808c3e0a078e4b33cc3f6338977d75b4024ba2500
      url: "https://pub.dev"
    source: hosted
    version: "1.3.0+1"
  flutter_inappwebview_web:
    dependency: transitive
    description:
      name: flutter_inappwebview_web
      sha256: "55f89c83b0a0d3b7893306b3bb545ba4770a4df018204917148ebb42dc14a598"
      url: "https://pub.dev"
    source: hosted
    version: "1.1.2"
  flutter_inappwebview_windows:
    dependency: transitive
    description:
      name: flutter_inappwebview_windows
      sha256: "8b4d3a46078a2cdc636c4a3d10d10f2a16882f6be607962dbfff8874d1642055"
      url: "https://pub.dev"
    source: hosted
    version: "0.6.0"
  flutter_launcher_icons:
    dependency: "direct dev"
    description:
      name: flutter_launcher_icons
      sha256: "10f13781741a2e3972126fae08393d3c4e01fa4cd7473326b94b72cf594195e7"
      url: "https://pub.dev"
    source: hosted
    version: "0.14.4"
  flutter_lints:
    dependency: "direct dev"
    description:
      name: flutter_lints
      sha256: "3105dc8492f6183fb076ccf1f351ac3d60564bff92e20bfc4af9cc1651f4e7e1"
      url: "https://pub.dev"
    source: hosted
    version: "6.0.0"
  flutter_local_notifications:
    dependency: transitive
    description:
      name: flutter_local_notifications
      sha256: "19ffb0a8bb7407875555e5e98d7343a633bb73707bae6c6a5f37c90014077875"
      url: "https://pub.dev"
    source: hosted
    version: "19.5.0"
  flutter_local_notifications_linux:
    dependency: transitive
    description:
      name: flutter_local_notifications_linux
      sha256: e3c277b2daab8e36ac5a6820536668d07e83851aeeb79c446e525a70710770a5
      url: "https://pub.dev"
    source: hosted
    version: "6.0.0"
  flutter_local_notifications_platform_interface:
    dependency: transitive
    description:
      name: flutter_local_notifications_platform_interface
      sha256: "277d25d960c15674ce78ca97f57d0bae2ee401c844b6ac80fcd972a9c99d09fe"
      url: "https://pub.dev"
    source: hosted
    version: "9.1.0"
  flutter_local_notifications_windows:
    dependency: transitive
    description:
      name: flutter_local_notifications_windows
      sha256: "8d658f0d367c48bd420e7cf2d26655e2d1130147bca1eea917e576ca76668aaf"
      url: "https://pub.dev"
    source: hosted
    version: "1.0.3"
  flutter_localizations:
    dependency: "direct main"
    description: flutter
    source: sdk
    version: "0.0.0"
  flutter_multi_formatter:
    dependency: transitive
    description:
      name: flutter_multi_formatter
      sha256: "29d9b3d30a985f5a9c3dd52b4e25e64b9a20ebdcf4d9fed0c71e653406598604"
      url: "https://pub.dev"
    source: hosted
    version: "2.13.10"
  flutter_rating_bar:
    dependency: "direct main"
    description:
      name: flutter_rating_bar
      sha256: d2af03469eac832c591a1eba47c91ecc871fe5708e69967073c043b2d775ed93
      url: "https://pub.dev"
    source: hosted
    version: "4.0.1"
  flutter_secure_storage:
    dependency: transitive
    description:
      name: flutter_secure_storage
      sha256: da922f2aab2d733db7e011a6bcc4a825b844892d4edd6df83ff156b09a9b2e40
      url: "https://pub.dev"
    source: hosted
    version: "10.0.0"
  flutter_secure_storage_darwin:
    dependency: transitive
    description:
      name: flutter_secure_storage_darwin
      sha256: "8878c25136a79def1668c75985e8e193d9d7d095453ec28730da0315dc69aee3"
      url: "https://pub.dev"
    source: hosted
    version: "0.2.0"
  flutter_secure_storage_linux:
    dependency: transitive
    description:
      name: flutter_secure_storage_linux
      sha256: "2b5c76dce569ab752d55a1cee6a2242bcc11fdba927078fb88c503f150767cda"
      url: "https://pub.dev"
    source: hosted
    version: "3.0.0"
  flutter_secure_storage_platform_interface:
    dependency: transitive
    description:
      name: flutter_secure_storage_platform_interface
      sha256: "8ceea1223bee3c6ac1a22dabd8feefc550e4729b3675de4b5900f55afcb435d6"
      url: "https://pub.dev"
    source: hosted
    version: "2.0.1"
  flutter_secure_storage_web:
    dependency: transitive
    description:
      name: flutter_secure_storage_web
      sha256: "6a1137df62b84b54261dca582c1c09ea72f4f9a4b2fcee21b025964132d5d0c3"
      url: "https://pub.dev"
    source: hosted
    version: "2.1.0"
  flutter_secure_storage_windows:
    dependency: transitive
    description:
      name: flutter_secure_storage_windows
      sha256: "3b7c8e068875dfd46719ff57c90d8c459c87f2302ed6b00ff006b3c9fcad1613"
      url: "https://pub.dev"
    source: hosted
    version: "4.1.0"
  flutter_spinkit:
    dependency: "direct main"
    description:
      name: flutter_spinkit
      sha256: "77850df57c00dc218bfe96071d576a8babec24cf58b2ed121c83cca4a2fdce7f"
      url: "https://pub.dev"
    source: hosted
    version: "5.2.2"
  flutter_staggered_grid_view:
    dependency: "direct main"
    description:
      name: flutter_staggered_grid_view
      sha256: "19e7abb550c96fbfeb546b23f3ff356ee7c59a019a651f8f102a4ba9b7349395"
      url: "https://pub.dev"
    source: hosted
    version: "0.7.0"
  flutter_stripe:
    dependency: "direct main"
    description:
      name: flutter_stripe
      sha256: a5cbf9416ed20aa27633d106082f6711f3b1cc13f33aa72870531fb522db3fbe
      url: "https://pub.dev"
    source: hosted
    version: "12.1.1"
  flutter_styled_toast:
    dependency: transitive
    description:
      name: flutter_styled_toast
      sha256: "94aa40eb706ad0d03483e2255901902d3584aa5abc8659295cc1040d2c153e0a"
      url: "https://pub.dev"
    source: hosted
    version: "2.3.0"
  flutter_swiper_view:
    dependency: "direct main"
    description:
      name: flutter_swiper_view
      sha256: "2a165b259e8a4c49d4da5626b967ed42a73dac2d075bd9e266ad8d23b9f01879"
      url: "https://pub.dev"
    source: hosted
    version: "1.1.8"
  flutter_test:
    dependency: "direct dev"
    description: flutter
    source: sdk
    version: "0.0.0"
  flutter_timezone:
    dependency: transitive
    description:
      name: flutter_timezone
      sha256: "978192f2f9ea6d019a4de4f0211d76a9af955ca24865828fa98ca4e20cf0cb3c"
      url: "https://pub.dev"
    source: hosted
    version: "5.0.1"
  flutter_web_plugins:
    dependency: transitive
    description: flutter
    source: sdk
    version: "0.0.0"
  flutter_widget_from_html_core:
    dependency: "direct main"
    description:
      name: flutter_widget_from_html_core
      sha256: "1120ee6ed3509ceff2d55aa6c6cbc7b6b1291434422de2411b5a59364dd6ff03"
      url: "https://pub.dev"
    source: hosted
    version: "0.17.0"
  freezed_annotation:
    dependency: transitive
    description:
      name: freezed_annotation
      sha256: "7294967ff0a6d98638e7acb774aac3af2550777accd8149c90af5b014e6d44d8"
      url: "https://pub.dev"
    source: hosted
    version: "3.1.0"
  get_time_ago:
    dependency: transitive
    description:
      name: get_time_ago
      sha256: cd111914562ca2b938afbc73f715fab1f37795cc053924d08f6de59878781388
      url: "https://pub.dev"
    source: hosted
    version: "2.3.2"
  glob:
    dependency: transitive
    description:
      name: glob
      sha256: c3f1ee72c96f8f78935e18aa8cecced9ab132419e8625dc187e1c2408efc20de
      url: "https://pub.dev"
    source: hosted
    version: "2.1.3"
  google_fonts:
    dependency: "direct main"
    description:
      name: google_fonts
      sha256: ba03d03bcaa2f6cb7bd920e3b5027181db75ab524f8891c8bc3aa603885b8055
      url: "https://pub.dev"
    source: hosted
    version: "6.3.3"
  html:
    dependency: "direct main"
    description:
      name: html
      sha256: "6d1264f2dffa1b1101c25a91dff0dc2daee4c18e87cd8538729773c073dbf602"
      url: "https://pub.dev"
    source: hosted
    version: "0.15.6"
  http:
    dependency: transitive
    description:
      name: http
      sha256: "87721a4a50b19c7f1d49001e51409bddc46303966ce89a65af4f4e6004896412"
      url: "https://pub.dev"
    source: hosted
    version: "1.6.0"
  http_parser:
    dependency: transitive
    description:
      name: http_parser
      sha256: "178d74305e7866013777bab2c3d8726205dc5a4dd935297175b19a23a2e66571"
      url: "https://pub.dev"
    source: hosted
    version: "4.1.2"
  image:
    dependency: transitive
    description:
      name: image
      sha256: "51555e36056541237b15b57afc31a0f53d4f9aefd9bd00873a6dc0090e54e332"
      url: "https://pub.dev"
    source: hosted
    version: "4.6.0"
  intl:
    dependency: "direct main"
    description:
      name: intl
      sha256: "3df61194eb431efc39c4ceba583b95633a403f46c9fd341e550ce0bfa50e9aa5"
      url: "https://pub.dev"
    source: hosted
    version: "0.20.2"
  js:
    dependency: transitive
    description:
      name: js
      sha256: "53385261521cc4a0c4658fd0ad07a7d14591cf8fc33abbceae306ddb974888dc"
      url: "https://pub.dev"
    source: hosted
    version: "0.7.2"
  json_annotation:
    dependency: transitive
    description:
      name: json_annotation
      sha256: "1ce844379ca14835a50d2f019a3099f419082cfdd231cd86a142af94dd5c6bb1"
      url: "https://pub.dev"
    source: hosted
    version: "4.9.0"
  leak_tracker:
    dependency: transitive
    description:
      name: leak_tracker
      sha256: "33e2e26bdd85a0112ec15400c8cbffea70d0f9c3407491f672a2fad47915e2de"
      url: "https://pub.dev"
    source: hosted
    version: "11.0.2"
  leak_tracker_flutter_testing:
    dependency: transitive
    description:
      name: leak_tracker_flutter_testing
      sha256: "1dbc140bb5a23c75ea9c4811222756104fbcd1a27173f0c34ca01e16bea473c1"
      url: "https://pub.dev"
    source: hosted
    version: "3.0.10"
  leak_tracker_testing:
    dependency: transitive
    description:
      name: leak_tracker_testing
      sha256: "8d5a2d49f4a66b49744b23b018848400d23e54caf9463f4eb20df3eb8acb2eb1"
      url: "https://pub.dev"
    source: hosted
    version: "3.0.2"
  lints:
    dependency: "direct dev"
    description:
      name: lints
      sha256: a5e2b223cb7c9c8efdc663ef484fdd95bb243bff242ef5b13e26883547fce9a0
      url: "https://pub.dev"
    source: hosted
    version: "6.0.0"
  logging:
    dependency: transitive
    description:
      name: logging
      sha256: c8245ada5f1717ed44271ed1c26b8ce85ca3228fd2ffdb75468ab01979309d61
      url: "https://pub.dev"
    source: hosted
    version: "1.3.0"
  mask_text_input_formatter:
    dependency: transitive
    description:
      name: mask_text_input_formatter
      sha256: "978c58ec721c25621ceb468e633f4eef64b64d45424ac4540e0565d4f7c800cd"
      url: "https://pub.dev"
    source: hosted
    version: "2.9.0"
  matcher:
    dependency: transitive
    description:
      name: matcher
      sha256: dc58c723c3c24bf8d3e2d3ad3f2f9d7bd9cf43ec6feaa64181775e60190153f2
      url: "https://pub.dev"
    source: hosted
    version: "0.12.17"
  material_color_utilities:
    dependency: transitive
    description:
      name: material_color_utilities
      sha256: f7142bb1154231d7ea5f96bc7bde4bda2a0945d2806bb11670e30b850d56bdec
      url: "https://pub.dev"
    source: hosted
    version: "0.11.1"
  math_expressions:
    dependency: "direct main"
    description:
      name: math_expressions
      sha256: "2e1ceb974c2b1893c809a68c7005f1b63f7324db0add800a0e792b1ac8ff9f03"
      url: "https://pub.dev"
    source: hosted
    version: "3.1.0"
  meta:
    dependency: transitive
    description:
      name: meta
      sha256: "23f08335362185a5ea2ad3a4e597f1375e78bce8a040df5c600c8d3552ef2394"
      url: "https://pub.dev"
    source: hosted
    version: "1.17.0"
  mime:
    dependency: transitive
    description:
      name: mime
      sha256: "41a20518f0cb1256669420fdba0cd90d21561e560ac240f26ef8322e45bb7ed6"
      url: "https://pub.dev"
    source: hosted
    version: "2.0.0"
  nylo_framework:
    dependency: "direct main"
    description:
      name: nylo_framework
      sha256: "000086ed912b3ba4377b0901e20c6c99026da8f07b42baa679e35d6b1b1cb686"
      url: "https://pub.dev"
    source: hosted
    version: "6.9.2"
  nylo_support:
    dependency: transitive
    description:
      name: nylo_support
      sha256: fc66ff09cd6235b8cec148c0401841c9dfadb9724268714d7eed020a7f1a1906
      url: "https://pub.dev"
    source: hosted
    version: "6.38.1"
  octo_image:
    dependency: transitive
    description:
      name: octo_image
      sha256: "34faa6639a78c7e3cbe79be6f9f96535867e879748ade7d17c9b1ae7536293bd"
      url: "https://pub.dev"
    source: hosted
    version: "2.1.0"
  package_config:
    dependency: transitive
    description:
      name: package_config
      sha256: f096c55ebb7deb7e384101542bfba8c52696c1b56fca2eb62827989ef2353bbc
      url: "https://pub.dev"
    source: hosted
    version: "2.2.0"
  package_info_plus:
    dependency: "direct main"
    description:
      name: package_info_plus
      sha256: f69da0d3189a4b4ceaeb1a3defb0f329b3b352517f52bed4290f83d4f06bc08d
      url: "https://pub.dev"
    source: hosted
    version: "9.0.0"
  package_info_plus_platform_interface:
    dependency: transitive
    description:
      name: package_info_plus_platform_interface
      sha256: "202a487f08836a592a6bd4f901ac69b3a8f146af552bbd14407b6b41e1c3f086"
      url: "https://pub.dev"
    source: hosted
    version: "3.2.1"
  path:
    dependency: transitive
    description:
      name: path
      sha256: "75cca69d1490965be98c73ceaea117e8a04dd21217b37b292c9ddbec0d955bc5"
      url: "https://pub.dev"
    source: hosted
    version: "1.9.1"
  path_provider:
    dependency: transitive
    description:
      name: path_provider
      sha256: "50c5dd5b6e1aaf6fb3a78b33f6aa3afca52bf903a8a5298f53101fdaee55bbcd"
      url: "https://pub.dev"
    source: hosted
    version: "2.1.5"
  path_provider_android:
    dependency: transitive
    description:
      name: path_provider_android
      sha256: f2c65e21139ce2c3dad46922be8272bb5963516045659e71bb16e151c93b580e
      url: "https://pub.dev"
    source: hosted
    version: "2.2.22"
  path_provider_foundation:
    dependency: transitive
    description:
      name: path_provider_foundation
      sha256: "6d13aece7b3f5c5a9731eaf553ff9dcbc2eff41087fd2df587fd0fed9a3eb0c4"
      url: "https://pub.dev"
    source: hosted
    version: "2.5.1"
  path_provider_linux:
    dependency: transitive
    description:
      name: path_provider_linux
      sha256: f7a1fe3a634fe7734c8d3f2766ad746ae2a2884abe22e241a8b301bf5cac3279
      url: "https://pub.dev"
    source: hosted
    version: "2.2.1"
  path_provider_platform_interface:
    dependency: transitive
    description:
      name: path_provider_platform_interface
      sha256: "88f5779f72ba699763fa3a3b06aa4bf6de76c8e5de842cf6f29e2e06476c2334"
      url: "https://pub.dev"
    source: hosted
    version: "2.1.2"
  path_provider_windows:
    dependency: transitive
    description:
      name: path_provider_windows
      sha256: bd6f00dbd873bfb70d0761682da2b3a2c2fccc2b9e84c495821639601d81afe7
      url: "https://pub.dev"
    source: hosted
    version: "2.3.0"
  petitparser:
    dependency: transitive
    description:
      name: petitparser
      sha256: "1a97266a94f7350d30ae522c0af07890c70b8e62c71e8e3920d1db4d23c057d1"
      url: "https://pub.dev"
    source: hosted
    version: "7.0.1"
  platform:
    dependency: transitive
    description:
      name: platform
      sha256: "5d6b1b0036a5f331ebc77c850ebc8506cbc1e9416c27e59b439f917a902a4984"
      url: "https://pub.dev"
    source: hosted
    version: "3.1.6"
  plugin_platform_interface:
    dependency: transitive
    description:
      name: plugin_platform_interface
      sha256: "4820fbfdb9478b1ebae27888254d445073732dae3d6ea81f0b7e06d5dedc3f02"
      url: "https://pub.dev"
    source: hosted
    version: "2.1.8"
  pointycastle:
    dependency: transitive
    description:
      name: pointycastle
      sha256: "4be0097fcf3fd3e8449e53730c631200ebc7b88016acecab2b0da2f0149222fe"
      url: "https://pub.dev"
    source: hosted
    version: "3.9.1"
  posix:
    dependency: transitive
    description:
      name: posix
      sha256: "6323a5b0fa688b6a010df4905a56b00181479e6d10534cecfecede2aa55add61"
      url: "https://pub.dev"
    source: hosted
    version: "6.0.3"
  pretty_dio_logger:
    dependency: "direct main"
    description:
      name: pretty_dio_logger
      sha256: "36f2101299786d567869493e2f5731de61ce130faa14679473b26905a92b6407"
      url: "https://pub.dev"
    source: hosted
    version: "1.4.0"
  pub_semver:
    dependency: transitive
    description:
      name: pub_semver
      sha256: "5bfcf68ca79ef689f8990d1160781b4bad40a3bd5e5218ad4076ddb7f4081585"
      url: "https://pub.dev"
    source: hosted
    version: "2.2.0"
  pull_to_refresh_flutter3:
    dependency: "direct main"
    description:
      name: pull_to_refresh_flutter3
      sha256: "37a88d901cca9a46dbdd46523de8e7b35a3e58634a0e775b1a5904981f69b353"
      url: "https://pub.dev"
    source: hosted
    version: "2.0.2"
  recase:
    dependency: transitive
    description:
      name: recase
      sha256: e4eb4ec2dcdee52dcf99cb4ceabaffc631d7424ee55e56f280bc039737f89213
      url: "https://pub.dev"
    source: hosted
    version: "4.1.0"
  rxdart:
    dependency: transitive
    description:
      name: rxdart
      sha256: "5c3004a4a8dbb94bd4bf5412a4def4acdaa12e12f269737a5751369e12d1a962"
      url: "https://pub.dev"
    source: hosted
    version: "0.28.0"
  shared_preferences:
    dependency: transitive
    description:
      name: shared_preferences
      sha256: "2939ae520c9024cb197fc20dee269cd8cdbf564c8b5746374ec6cacdc5169e64"
      url: "https://pub.dev"
    source: hosted
    version: "2.5.4"
  shared_preferences_android:
    dependency: transitive
    description:
      name: shared_preferences_android
      sha256: "83af5c682796c0f7719c2bbf74792d113e40ae97981b8f266fa84574573556bc"
      url: "https://pub.dev"
    source: hosted
    version: "2.4.18"
  shared_preferences_foundation:
    dependency: transitive
    description:
      name: shared_preferences_foundation
      sha256: "4e7eaffc2b17ba398759f1151415869a34771ba11ebbccd1b0145472a619a64f"
      url: "https://pub.dev"
    source: hosted
    version: "2.5.6"
  shared_preferences_linux:
    dependency: transitive
    description:
      name: shared_preferences_linux
      sha256: "580abfd40f415611503cae30adf626e6656dfb2f0cee8f465ece7b6defb40f2f"
      url: "https://pub.dev"
    source: hosted
    version: "2.4.1"
  shared_preferences_platform_interface:
    dependency: transitive
    description:
      name: shared_preferences_platform_interface
      sha256: "57cbf196c486bc2cf1f02b85784932c6094376284b3ad5779d1b1c6c6a816b80"
      url: "https://pub.dev"
    source: hosted
    version: "2.4.1"
  shared_preferences_web:
    dependency: transitive
    description:
      name: shared_preferences_web
      sha256: c49bd060261c9a3f0ff445892695d6212ff603ef3115edbb448509d407600019
      url: "https://pub.dev"
    source: hosted
    version: "2.4.3"
  shared_preferences_windows:
    dependency: transitive
    description:
      name: shared_preferences_windows
      sha256: "94ef0f72b2d71bc3e700e025db3710911bd51a71cefb65cc609dd0d9a982e3c1"
      url: "https://pub.dev"
    source: hosted
    version: "2.4.1"
  skeletonizer:
    dependency: transitive
    description:
      name: skeletonizer
      sha256: "5d2d44120916cc749ede54c236cef60c2478742806df0b1f065212f00721b185"
      url: "https://pub.dev"
    source: hosted
    version: "2.1.1"
  sky_engine:
    dependency: transitive
    description: flutter
    source: sdk
    version: "0.0.0"
  source_span:
    dependency: transitive
    description:
      name: source_span
      sha256: "254ee5351d6cb365c859e20ee823c3bb479bf4a293c22d17a9f1bf144ce86f7c"
      url: "https://pub.dev"
    source: hosted
    version: "1.10.1"
  sqflite:
    dependency: transitive
    description:
      name: sqflite
      sha256: e2297b1da52f127bc7a3da11439985d9b536f75070f3325e62ada69a5c585d03
      url: "https://pub.dev"
    source: hosted
    version: "2.4.2"
  sqflite_android:
    dependency: transitive
    description:
      name: sqflite_android
      sha256: ecd684501ebc2ae9a83536e8b15731642b9570dc8623e0073d227d0ee2bfea88
      url: "https://pub.dev"
    source: hosted
    version: "2.4.2+2"
  sqflite_common:
    dependency: transitive
    description:
      name: sqflite_common
      sha256: "6ef422a4525ecc601db6c0a2233ff448c731307906e92cabc9ba292afaae16a6"
      url: "https://pub.dev"
    source: hosted
    version: "2.5.6"
  sqflite_darwin:
    dependency: transitive
    description:
      name: sqflite_darwin
      sha256: "279832e5cde3fe99e8571879498c9211f3ca6391b0d818df4e17d9fff5c6ccb3"
      url: "https://pub.dev"
    source: hosted
    version: "2.4.2"
  sqflite_platform_interface:
    dependency: transitive
    description:
      name: sqflite_platform_interface
      sha256: "8dd4515c7bdcae0a785b0062859336de775e8c65db81ae33dd5445f35be61920"
      url: "https://pub.dev"
    source: hosted
    version: "2.4.0"
  stack_trace:
    dependency: transitive
    description:
      name: stack_trace
      sha256: "8b27215b45d22309b5cddda1aa2b19bdfec9df0e765f2de506401c071d38d1b1"
      url: "https://pub.dev"
    source: hosted
    version: "1.12.1"
  stream_channel:
    dependency: transitive
    description:
      name: stream_channel
      sha256: "969e04c80b8bcdf826f8f16579c7b14d780458bd97f56d107d3950fdbeef059d"
      url: "https://pub.dev"
    source: hosted
    version: "2.1.4"
  string_scanner:
    dependency: transitive
    description:
      name: string_scanner
      sha256: "921cd31725b72fe181906c6a94d987c78e3b98c2e205b397ea399d4054872b43"
      url: "https://pub.dev"
    source: hosted
    version: "1.4.1"
  stripe_android:
    dependency: transitive
    description:
      name: stripe_android
      sha256: f9127544327fe5bf23772a9899a46c4af1c2eccd128eb548c09b4ce9d3c99d7b
      url: "https://pub.dev"
    source: hosted
    version: "12.1.0"
  stripe_ios:
    dependency: transitive
    description:
      name: stripe_ios
      sha256: "82cd4c056730ce943a4f99d82433a358f8e09d871e6c71cb54bc053aa8f49a1d"
      url: "https://pub.dev"
    source: hosted
    version: "12.1.0"
  stripe_platform_interface:
    dependency: transitive
    description:
      name: stripe_platform_interface
      sha256: "1766fa3a52a4c2fee7fa293b14655e07517d743be3f045aa3a28f8cb49629e70"
      url: "https://pub.dev"
    source: hosted
    version: "12.1.1"
  synchronized:
    dependency: transitive
    description:
      name: synchronized
      sha256: c254ade258ec8282947a0acbbc90b9575b4f19673533ee46f2f6e9b3aeefd7c0
      url: "https://pub.dev"
    source: hosted
    version: "3.4.0"
  term_glyph:
    dependency: transitive
    description:
      name: term_glyph
      sha256: "7f554798625ea768a7518313e58f83891c7f5024f88e46e7182a4558850a4b8e"
      url: "https://pub.dev"
    source: hosted
    version: "1.2.2"
  test_api:
    dependency: transitive
    description:
      name: test_api
      sha256: ab2726c1a94d3176a45960b6234466ec367179b87dd74f1611adb1f3b5fb9d55
      url: "https://pub.dev"
    source: hosted
    version: "0.7.7"
  theme_provider:
    dependency: transitive
    description:
      name: theme_provider
      sha256: "6a2839ee1bd539ceb789f25ea9696fe90f9dfad28e3228f209b8ff9255c58099"
      url: "https://pub.dev"
    source: hosted
    version: "0.6.0"
  timezone:
    dependency: transitive
    description:
      name: timezone
      sha256: dd14a3b83cfd7cb19e7888f1cbc20f258b8d71b54c06f79ac585f14093a287d1
      url: "https://pub.dev"
    source: hosted
    version: "0.10.1"
  typed_data:
    dependency: transitive
    description:
      name: typed_data
      sha256: f9049c039ebfeb4cf7a7104a675823cd72dba8297f264b6637062516699fa006
      url: "https://pub.dev"
    source: hosted
    version: "1.4.0"
  universal_platform:
    dependency: transitive
    description:
      name: universal_platform
      sha256: "64e16458a0ea9b99260ceb5467a214c1f298d647c659af1bff6d3bf82536b1ec"
      url: "https://pub.dev"
    source: hosted
    version: "1.1.0"
  url_launcher:
    dependency: "direct main"
    description:
      name: url_launcher
      sha256: f6a7e5c4835bb4e3026a04793a4199ca2d14c739ec378fdfe23fc8075d0439f8
      url: "https://pub.dev"
    source: hosted
    version: "6.3.2"
  url_launcher_android:
    dependency: transitive
    description:
      name: url_launcher_android
      sha256: "767344bf3063897b5cf0db830e94f904528e6dd50a6dfaf839f0abf509009611"
      url: "https://pub.dev"
    source: hosted
    version: "6.3.28"
  url_launcher_ios:
    dependency: transitive
    description:
      name: url_launcher_ios
      sha256: cfde38aa257dae62ffe79c87fab20165dfdf6988c1d31b58ebf59b9106062aad
      url: "https://pub.dev"
    source: hosted
    version: "6.3.6"
  url_launcher_linux:
    dependency: transitive
    description:
      name: url_launcher_linux
      sha256: d5e14138b3bc193a0f63c10a53c94b91d399df0512b1f29b94a043db7482384a
      url: "https://pub.dev"
    source: hosted
    version: "3.2.2"
  url_launcher_macos:
    dependency: transitive
    description:
      name: url_launcher_macos
      sha256: "368adf46f71ad3c21b8f06614adb38346f193f3a59ba8fe9a2fd74133070ba18"
      url: "https://pub.dev"
    source: hosted
    version: "3.2.5"
  url_launcher_platform_interface:
    dependency: transitive
    description:
      name: url_launcher_platform_interface
      sha256: "552f8a1e663569be95a8190206a38187b531910283c3e982193e4f2733f01029"
      url: "https://pub.dev"
    source: hosted
    version: "2.3.2"
  url_launcher_web:
    dependency: transitive
    description:
      name: url_launcher_web
      sha256: "4bd2b7b4dc4d4d0b94e5babfffbca8eac1a126c7f3d6ecbc1a11013faa3abba2"
      url: "https://pub.dev"
    source: hosted
    version: "2.4.1"
  url_launcher_windows:
    dependency: transitive
    description:
      name: url_launcher_windows
      sha256: "712c70ab1b99744ff066053cbe3e80c73332b38d46e5e945c98689b2e66fc15f"
      url: "https://pub.dev"
    source: hosted
    version: "3.1.5"
  uuid:
    dependency: transitive
    description:
      name: uuid
      sha256: a11b666489b1954e01d992f3d601b1804a33937b5a8fe677bd26b8a9f96f96e8
      url: "https://pub.dev"
    source: hosted
    version: "4.5.2"
  validated:
    dependency: "direct main"
    description:
      name: validated
      sha256: f4da18b50fa2aeda8d2f6e55bdf73759593abe3f9dd4aeece4e98bf3438e6a9f
      url: "https://pub.dev"
    source: hosted
    version: "2.0.0"
  vector_math:
    dependency: transitive
    description:
      name: vector_math
      sha256: d530bd74fea330e6e364cda7a85019c434070188383e1cd8d9777ee586914c5b
      url: "https://pub.dev"
    source: hosted
    version: "2.2.0"
  vm_service:
    dependency: transitive
    description:
      name: vm_service
      sha256: "45caa6c5917fa127b5dbcfbd1fa60b14e583afdc08bfc96dda38886ca252eb60"
      url: "https://pub.dev"
    source: hosted
    version: "15.0.2"
  watcher:
    dependency: transitive
    description:
      name: watcher
      sha256: f52385d4f73589977c80797e60fe51014f7f2b957b5e9a62c3f6ada439889249
      url: "https://pub.dev"
    source: hosted
    version: "1.2.0"
  web:
    dependency: transitive
    description:
      name: web
      sha256: "868d88a33d8a87b18ffc05f9f030ba328ffefba92d6c127917a2ba740f9cfe4a"
      url: "https://pub.dev"
    source: hosted
    version: "1.1.1"
  win32:
    dependency: transitive
    description:
      name: win32
      sha256: d7cb55e04cd34096cd3a79b3330245f54cb96a370a1c27adb3c84b917de8b08e
      url: "https://pub.dev"
    source: hosted
    version: "5.15.0"
  win32_registry:
    dependency: transitive
    description:
      name: win32_registry
      sha256: "6f1b564492d0147b330dd794fee8f512cec4977957f310f9951b5f9d83618dae"
      url: "https://pub.dev"
    source: hosted
    version: "2.1.0"
  woosignal:
    dependency: "direct main"
    description:
      name: woosignal
      sha256: f708d28ec671d6abdd8ec2063e45e9859fc155a939ec0a67513754660dc750c6
      url: "https://pub.dev"
    source: hosted
    version: "4.2.3"
  wp_json_api:
    dependency: "direct main"
    description:
      name: wp_json_api
      sha256: e88ec2f5cf913715b30b77c0786876afb481cda16be05f724b8192bc10ae343b
      url: "https://pub.dev"
    source: hosted
    version: "4.3.6"
  xdg_directories:
    dependency: transitive
    description:
      name: xdg_directories
      sha256: "7a3f37b05d989967cdddcbb571f1ea834867ae2faa29725fd085180e0883aa15"
      url: "https://pub.dev"
    source: hosted
    version: "1.1.0"
  xml:
    dependency: transitive
    description:
      name: xml
      sha256: "971043b3a0d3da28727e40ed3e0b5d18b742fa5a68665cca88e74b7876d5e025"
      url: "https://pub.dev"
    source: hosted
    version: "6.6.1"
  yaml:
    dependency: transitive
    description:
      name: yaml
      sha256: b9da305ac7c39faa3f030eccd175340f968459dae4af175130b3fc47e40d76ce
      url: "https://pub.dev"
    source: hosted
    version: "3.1.3"
sdks:
  dart: ">=3.9.0 <4.0.0"
  flutter: ">=3.35.0"
