PODS:
  - device_info (0.0.1):
    - Flutter
  - Flutter (1.0.0)
  - flutter_money_formatter (0.0.1):
    - Flutter
  - flutter_web_browser (0.11.0):
    - Flutter
  - fluttertoast (0.0.2):
    - Flutter
  - FMDB (2.7.5):
    - FMDB/standard (= 2.7.5)
  - FMDB/standard (2.7.5)
  - package_info (0.0.1):
    - Flutter
  - path_provider (0.0.1):
    - Flutter
  - shared_preferences (0.0.1):
    - Flutter
  - shared_preferences_macos (0.0.1):
    - Flutter
  - shared_preferences_web (0.0.1):
    - Flutter
  - sqflite (0.0.1):
    - Flutter
    - FMDB (~> 2.7.2)
  - Stripe (19.0.1)
  - woosignal_stripe (0.0.4):
    - Flutter
    - Stripe (= 19.0.1)

DEPENDENCIES:
  - device_info (from `.symlinks/plugins/device_info/ios`)
  - Flutter (from `Flutter`)
  - flutter_money_formatter (from `.symlinks/plugins/flutter_money_formatter/ios`)
  - flutter_web_browser (from `.symlinks/plugins/flutter_web_browser/ios`)
  - fluttertoast (from `.symlinks/plugins/fluttertoast/ios`)
  - package_info (from `.symlinks/plugins/package_info/ios`)
  - path_provider (from `.symlinks/plugins/path_provider/ios`)
  - shared_preferences (from `.symlinks/plugins/shared_preferences/ios`)
  - shared_preferences_macos (from `.symlinks/plugins/shared_preferences_macos/ios`)
  - shared_preferences_web (from `.symlinks/plugins/shared_preferences_web/ios`)
  - sqflite (from `.symlinks/plugins/sqflite/ios`)
  - woosignal_stripe (from `.symlinks/plugins/woosignal_stripe/ios`)

SPEC REPOS:
  trunk:
    - FMDB
    - Stripe

EXTERNAL SOURCES:
  device_info:
    :path: ".symlinks/plugins/device_info/ios"
  Flutter:
    :path: Flutter
  flutter_money_formatter:
    :path: ".symlinks/plugins/flutter_money_formatter/ios"
  flutter_web_browser:
    :path: ".symlinks/plugins/flutter_web_browser/ios"
  fluttertoast:
    :path: ".symlinks/plugins/fluttertoast/ios"
  package_info:
    :path: ".symlinks/plugins/package_info/ios"
  path_provider:
    :path: ".symlinks/plugins/path_provider/ios"
  shared_preferences:
    :path: ".symlinks/plugins/shared_preferences/ios"
  shared_preferences_macos:
    :path: ".symlinks/plugins/shared_preferences_macos/ios"
  shared_preferences_web:
    :path: ".symlinks/plugins/shared_preferences_web/ios"
  sqflite:
    :path: ".symlinks/plugins/sqflite/ios"
  woosignal_stripe:
    :path: ".symlinks/plugins/woosignal_stripe/ios"

SPEC CHECKSUMS:
  device_info: cbf09d2ec12aa7110e0b09fabe54b5bd6c8efe74
  Flutter: 0e3d915762c693b495b44d77113d4970485de6ec
  flutter_money_formatter: d0d18ddc5be333fad8d09964d741b59fa11a91dc
  flutter_web_browser: bdea232160dec44dec86540bee05168cc844ef7c
  fluttertoast: b644586ef3b16f67fae9a1f8754cef6b2d6b634b
  FMDB: 2ce00b547f966261cd18927a3ddb07cb6f3db82a
  package_info: 48b108e75b8802c2d5e126f208ef540561c98aef
  path_provider: f96fff6166a8867510d2c25fdcc346327cc4b259
  shared_preferences: 430726339841afefe5142b9c1f50cb6bd7793e01
  shared_preferences_macos: f3f29b71ccbb56bf40c9dd6396c9acf15e214087
  shared_preferences_web: 141cce0c3ed1a1c5bf2a0e44f52d31eeb66e5ea9
  sqflite: ff1d9da63c06588cc8d1faf7256d741f16989d5a
  Stripe: 03313f9520a0786e2c00d9a7a2672c11e08821af
  woosignal_stripe: 55c9a08f483aae42ca1c9769f5c474802b865f17

PODFILE CHECKSUM: 1b66dae606f75376c5f2135a8290850eeb09ae83

COCOAPODS: 1.9.1
